
Microsoft Visual Studio Solution File, Format Version 12.00
# Visual Studio Version 17
VisualStudioVersion = 17.9.34607.119
MinimumVisualStudioVersion = 10.0.40219.1
Project("{2150E333-8FDC-42A3-9474-1A3956D46DE8}") = "Examples", "Examples", "{18DE83CA-3FAE-4321-B0C2-25A2E7963D32}"
EndProject
Project("{2150E333-8FDC-42A3-9474-1A3956D46DE8}") = "Semantics", "Semantics", "{97918C9F-7B3D-420F-84C7-F5B9B4AE5AA5}"
EndProject
Project("{9A19103F-16F7-4668-BE54-9A1E7A4F7556}") = "SemanticsForParsing", "..\SemanticsForParsing\SemanticsForParsing.csproj", "{2A57E671-7DA6-4353-ADB9-09F3A15A6747}"
EndProject
Global
	GlobalSection(SolutionConfigurationPlatforms) = preSolution
		Debug|Any CPU = Debug|Any CPU
		Release|Any CPU = Release|Any CPU
	EndGlobalSection
	GlobalSection(ProjectConfigurationPlatforms) = postSolution
		{2A57E671-7DA6-4353-ADB9-09F3A15A6747}.Debug|Any CPU.ActiveCfg = Debug|Any CPU
		{2A57E671-7DA6-4353-ADB9-09F3A15A6747}.Debug|Any CPU.Build.0 = Debug|Any CPU
		{2A57E671-7DA6-4353-ADB9-09F3A15A6747}.Release|Any CPU.ActiveCfg = Release|Any CPU
		{2A57E671-7DA6-4353-ADB9-09F3A15A6747}.Release|Any CPU.Build.0 = Release|Any CPU
	EndGlobalSection
	GlobalSection(SolutionProperties) = preSolution
		HideSolutionNode = FALSE
	EndGlobalSection
	GlobalSection(NestedProjects) = preSolution
		{97918C9F-7B3D-420F-84C7-F5B9B4AE5AA5} = {18DE83CA-3FAE-4321-B0C2-25A2E7963D32}
		{2A57E671-7DA6-4353-ADB9-09F3A15A6747} = {97918C9F-7B3D-420F-84C7-F5B9B4AE5AA5}
	EndGlobalSection
	GlobalSection(ExtensibilityGlobals) = postSolution
		SolutionGuid = {7A467AFC-4CDE-45B3-84D7-F8DA1F4DD69E}
	EndGlobalSection
EndGlobal
